
Microsoft Visual Studio Solution File, Format Version 12.00
# Visual Studio Version 17
VisualStudioVersion = 17.5.002.0
MinimumVisualStudioVersion = 10.0.40219.1
Project("{9A19103F-16F7-4668-BE54-9A1E7A4F7556}") = "BookManagementSystem", "BookManagementSystem\BookManagementSystem.csproj", "{88AFBA85-F973-40DD-92EE-62D5B9B30AE1}"
EndProject
Project("{2150E333-8FDC-42A3-9474-1A3956D46DE8}") = "FileHandingProject", "FileHandingProject", "{97602F74-B9B5-46E4-B6BD-094868FF5F4B}"
EndProject
Project("{FAE04EC0-301F-11D3-BF4B-00C04F79EFBC}") = "FileHandlingProject", "FileHandingProject\FileHandlingProject\FileHandlingProject.csproj", "{27C62C6A-71B2-4C60-B209-CE5671E158DA}"
EndProject
Global
	GlobalSection(SolutionConfigurationPlatforms) = preSolution
		Debug|Any CPU = Debug|Any CPU
		Release|Any CPU = Release|Any CPU
	EndGlobalSection
	GlobalSection(ProjectConfigurationPlatforms) = postSolution
		{88AFBA85-F973-40DD-92EE-62D5B9B30AE1}.Debug|Any CPU.ActiveCfg = Debug|Any CPU
		{88AFBA85-F973-40DD-92EE-62D5B9B30AE1}.Debug|Any CPU.Build.0 = Debug|Any CPU
		{88AFBA85-F973-40DD-92EE-62D5B9B30AE1}.Release|Any CPU.ActiveCfg = Release|Any CPU
		{88AFBA85-F973-40DD-92EE-62D5B9B30AE1}.Release|Any CPU.Build.0 = Release|Any CPU
		{27C62C6A-71B2-4C60-B209-CE5671E158DA}.Debug|Any CPU.ActiveCfg = Debug|Any CPU
		{27C62C6A-71B2-4C60-B209-CE5671E158DA}.Debug|Any CPU.Build.0 = Debug|Any CPU
		{27C62C6A-71B2-4C60-B209-CE5671E158DA}.Release|Any CPU.ActiveCfg = Release|Any CPU
		{27C62C6A-71B2-4C60-B209-CE5671E158DA}.Release|Any CPU.Build.0 = Release|Any CPU
	EndGlobalSection
	GlobalSection(SolutionProperties) = preSolution
		HideSolutionNode = FALSE
	EndGlobalSection
	GlobalSection(ExtensibilityGlobals) = postSolution
		SolutionGuid = {5D455278-02DF-4C4E-8381-55DF06EAF812}
	EndGlobalSection
	GlobalSection(NestedProjects) = preSolution
		{27C62C6A-71B2-4C60-B209-CE5671E158DA} = {97602F74-B9B5-46E4-B6BD-094868FF5F4B}
	EndGlobalSection
EndGlobal
